github.com/huin/goupnp v1.0.3 h1:N8No57ls+MnjlB+JPiCVSOyy/ot7MJTqlo7rn+NYSqQ=
github.com/huin/goupnp v1.0.3/go.mod h1:ZxNlw5WqJj6wSsRK5+YfflQGXYfccj5VgQsMNixHM7Y=
github.com/huin/goutil v0.0.0-20170803182201-1ca381bf3150/go.mod h1:PpLOETDnJ0o3iZrZfqZzyLl6l7F3c6L1oWn7OICBi6o=
github.com/jcuga/go-upnp v0.0.0-20160830125909-492b17f02cbb h1:0YyWPyBOaOvWfYylCMkFwSb6uo+zWmI7Yw9ChsQBbHk=
github.com/jcuga/go-upnp v0.0.0-20160830125909-492b17f02cbb/go.mod h1:9hAVo23jpanJ+gr4zD28Fe+aSLBHb5eGdHe+E3DLiaQ=
golang.org/x/sync v0.0.0-20210220032951-036812b2e83c h1:5KslGYwFpkhGh+Q16bwMP3cOontH8FOep7tGV86Y7SQ=
golang.org/x/sync v0.0.0-20210220032951-036812b2e83c/go.mod h1:RxMgew5VJxzue5/jJTE5uejpjVlOe/izrB70Jof72aM=
